
Microsoft Visual Studio Solution File, Format Version 12.00
# Visual Studio Version 17
VisualStudioVersion = 17.11.35201.85
MinimumVisualStudioVersion = 10.0.40219.1
Project("{2150E333-8FDC-42A3-9474-1A3956D46DE8}") = "Core", "Core", "{680E9BD3-048F-4FB0-A4F7-8A7A93390114}"
EndProject
Project("{2150E333-8FDC-42A3-9474-1A3956D46DE8}") = "Infras", "Infras", "{A56328A6-467B-4BEE-ABF7-A9F1C6E47560}"
EndProject
Project("{9A19103F-16F7-4668-BE54-9A1E7A4F7556}") = "CM.bll", "CM.bll\CM.bll.csproj", "{0940CB09-25C5-41BA-A47B-72EBBEAE3ADA}"
EndProject
Project("{9A19103F-16F7-4668-BE54-9A1E7A4F7556}") = "CM.Core", "CM.Core\CM.Core.csproj", "{38ADC5CB-5FC2-437C-9D25-1FE076BBCF1D}"
EndProject
Project("{9A19103F-16F7-4668-BE54-9A1E7A4F7556}") = "CM.Repo", "CM.Repo\CM.Repo.csproj", "{35247082-258A-4F45-8AE2-76100899AC69}"
EndProject
Project("{9A19103F-16F7-4668-BE54-9A1E7A4F7556}") = "CM.WebAPI", "CM.WebAPI\CM.WebAPI.csproj", "{9D52E794-05F3-4230-9345-B67C591F5032}"
EndProject
Project("{54A90642-561A-4BB1-A94E-469ADEE60C69}") = "CM.Angular", "CM.Angular\CM.Angular.esproj", "{9B873AA2-2F63-4960-8CF3-CD93ADD3B90E}"
EndProject
Global
	GlobalSection(SolutionConfigurationPlatforms) = preSolution
		Debug|Any CPU = Debug|Any CPU
		Release|Any CPU = Release|Any CPU
	EndGlobalSection
	GlobalSection(ProjectConfigurationPlatforms) = postSolution
		{0940CB09-25C5-41BA-A47B-72EBBEAE3ADA}.Debug|Any CPU.ActiveCfg = Debug|Any CPU
		{0940CB09-25C5-41BA-A47B-72EBBEAE3ADA}.Debug|Any CPU.Build.0 = Debug|Any CPU
		{0940CB09-25C5-41BA-A47B-72EBBEAE3ADA}.Release|Any CPU.ActiveCfg = Release|Any CPU
		{0940CB09-25C5-41BA-A47B-72EBBEAE3ADA}.Release|Any CPU.Build.0 = Release|Any CPU
		{38ADC5CB-5FC2-437C-9D25-1FE076BBCF1D}.Debug|Any CPU.ActiveCfg = Debug|Any CPU
		{38ADC5CB-5FC2-437C-9D25-1FE076BBCF1D}.Debug|Any CPU.Build.0 = Debug|Any CPU
		{38ADC5CB-5FC2-437C-9D25-1FE076BBCF1D}.Release|Any CPU.ActiveCfg = Release|Any CPU
		{38ADC5CB-5FC2-437C-9D25-1FE076BBCF1D}.Release|Any CPU.Build.0 = Release|Any CPU
		{35247082-258A-4F45-8AE2-76100899AC69}.Debug|Any CPU.ActiveCfg = Debug|Any CPU
		{35247082-258A-4F45-8AE2-76100899AC69}.Debug|Any CPU.Build.0 = Debug|Any CPU
		{35247082-258A-4F45-8AE2-76100899AC69}.Release|Any CPU.ActiveCfg = Release|Any CPU
		{35247082-258A-4F45-8AE2-76100899AC69}.Release|Any CPU.Build.0 = Release|Any CPU
		{9D52E794-05F3-4230-9345-B67C591F5032}.Debug|Any CPU.ActiveCfg = Debug|Any CPU
		{9D52E794-05F3-4230-9345-B67C591F5032}.Debug|Any CPU.Build.0 = Debug|Any CPU
		{9D52E794-05F3-4230-9345-B67C591F5032}.Release|Any CPU.ActiveCfg = Release|Any CPU
		{9D52E794-05F3-4230-9345-B67C591F5032}.Release|Any CPU.Build.0 = Release|Any CPU
		{9B873AA2-2F63-4960-8CF3-CD93ADD3B90E}.Debug|Any CPU.ActiveCfg = Debug|Any CPU
		{9B873AA2-2F63-4960-8CF3-CD93ADD3B90E}.Debug|Any CPU.Build.0 = Debug|Any CPU
		{9B873AA2-2F63-4960-8CF3-CD93ADD3B90E}.Debug|Any CPU.Deploy.0 = Debug|Any CPU
		{9B873AA2-2F63-4960-8CF3-CD93ADD3B90E}.Release|Any CPU.ActiveCfg = Release|Any CPU
		{9B873AA2-2F63-4960-8CF3-CD93ADD3B90E}.Release|Any CPU.Build.0 = Release|Any CPU
		{9B873AA2-2F63-4960-8CF3-CD93ADD3B90E}.Release|Any CPU.Deploy.0 = Release|Any CPU
	EndGlobalSection
	GlobalSection(SolutionProperties) = preSolution
		HideSolutionNode = FALSE
	EndGlobalSection
	GlobalSection(NestedProjects) = preSolution
		{0940CB09-25C5-41BA-A47B-72EBBEAE3ADA} = {680E9BD3-048F-4FB0-A4F7-8A7A93390114}
		{38ADC5CB-5FC2-437C-9D25-1FE076BBCF1D} = {680E9BD3-048F-4FB0-A4F7-8A7A93390114}
		{35247082-258A-4F45-8AE2-76100899AC69} = {A56328A6-467B-4BEE-ABF7-A9F1C6E47560}
	EndGlobalSection
	GlobalSection(ExtensibilityGlobals) = postSolution
		SolutionGuid = {94F95BC0-604E-457B-BE4A-784CEC42290A}
	EndGlobalSection
EndGlobal
